// !$*UTF8*$!
{
	archiveVersion = 1;
	classes = {
	};
	objectVersion = 46;
	objects = {

/* Begin PBXBuildFile section */
		EA13AC861D6479B90057D634 /* main.m in Sources */ = {isa = PBXBuildFile; fileRef = EA13AC851D6479B90057D634 /* main.m */; };
		EA13AC891D6479B90057D634 /* AppDelegate.m in Sources */ = {isa = PBXBuildFile; fileRef = EA13AC881D6479B90057D634 /* AppDelegate.m */; };
		EA13AC8F1D6479B90057D634 /* Main.storyboard in Resources */ = {isa = PBXBuildFile; fileRef = EA13AC8D1D6479B90057D634 /* Main.storyboard */; };
		EA13AC911D6479B90057D634 /* Assets.xcassets in Resources */ = {isa = PBXBuildFile; fileRef = EA13AC901D6479B90057D634 /* Assets.xcassets */; };
		EA13AC941D6479B90057D634 /* LaunchScreen.storyboard in Resources */ = {isa = PBXBuildFile; fileRef = EA13AC921D6479B90057D634 /* LaunchScreen.storyboard */; };
		EA13AC9D1D647A080057D634 /* YHTabBarController.m in Sources */ = {isa = PBXBuildFile; fileRef = EA13AC9C1D647A080057D634 /* YHTabBarController.m */; };
		EA13ACA01D647A1F0057D634 /* YHNavigationController.m in Sources */ = {isa = PBXBuildFile; fileRef = EA13AC9F1D647A1F0057D634 /* YHNavigationController.m */; };
		EA13ACA41D647B190057D634 /* YHViewController.m in Sources */ = {isa = PBXBuildFile; fileRef = EA13ACA31D647B190057D634 /* YHViewController.m */; };
		EA13ACA61D6482CE0057D634 /* bg.jpg in Resources */ = {isa = PBXBuildFile; fileRef = EA13ACA51D6482CE0057D634 /* bg.jpg */; };
		EA13ACD31D64BEA70057D634 /* YHSecondViewController.m in Sources */ = {isa = PBXBuildFile; fileRef = EA13ACD21D64BEA70057D634 /* YHSecondViewController.m */; };
		EA13ACDE1D64C74B0057D634 /* UINavigationBar+YYH.m in Sources */ = {isa = PBXBuildFile; fileRef = EA13ACDD1D64C74B0057D634 /* UINavigationBar+YYH.m */; };
/* End PBXBuildFile section */

/* Begin PBXFileReference section */
		EA13AC811D6479B90057D634 /* UINavigationBarClearColor.app */ = {isa = PBXFileReference; explicitFileType = wrapper.application; includeInIndex = 0; path = UINavigationBarClearColor.app; sourceTree = BUILT_PRODUCTS_DIR; };
		EA13AC851D6479B90057D634 /* main.m */ = {isa = PBXFileReference; lastKnownFileType = sourcecode.c.objc; path = main.m; sourceTree = "<group>"; };
		EA13AC871D6479B90057D634 /* AppDelegate.h */ = {isa = PBXFileReference; lastKnownFileType = sourcecode.c.h; path = AppDelegate.h; sourceTree = "<group>"; };
		EA13AC881D6479B90057D634 /* AppDelegate.m */ = {isa = PBXFileReference; lastKnownFileType = sourcecode.c.objc; path = AppDelegate.m; sourceTree = "<group>"; };
		EA13AC8E1D6479B90057D634 /* Base */ = {isa = PBXFileReference; lastKnownFileType = file.storyboard; name = Base; path = Base.lproj/Main.storyboard; sourceTree = "<group>"; };
		EA13AC901D6479B90057D634 /* Assets.xcassets */ = {isa = PBXFileReference; lastKnownFileType = folder.assetcatalog; path = Assets.xcassets; sourceTree = "<group>"; };
		EA13AC931D6479B90057D634 /* Base */ = {isa = PBXFileReference; lastKnownFileType = file.storyboard; name = Base; path = Base.lproj/LaunchScreen.storyboard; sourceTree = "<group>"; };
		EA13AC951D6479B90057D634 /* Info.plist */ = {isa = PBXFileReference; lastKnownFileType = text.plist.xml; path = Info.plist; sourceTree = "<group>"; };
		EA13AC9B1D647A080057D634 /* YHTabBarController.h */ = {isa = PBXFileReference; fileEncoding = 4; lastKnownFileType = sourcecode.c.h; path = YHTabBarController.h; sourceTree = "<group>"; };
		EA13AC9C1D647A080057D634 /* YHTabBarController.m */ = {isa = PBXFileReference; fileEncoding = 4; lastKnownFileType = sourcecode.c.objc; path = YHTabBarController.m; sourceTree = "<group>"; };
		EA13AC9E1D647A1F0057D634 /* YHNavigationController.h */ = {isa = PBXFileReference; fileEncoding = 4; lastKnownFileType = sourcecode.c.h; path = YHNavigationController.h; sourceTree = "<group>"; };
		EA13AC9F1D647A1F0057D634 /* YHNavigationController.m */ = {isa = PBXFileReference; fileEncoding = 4; lastKnownFileType = sourcecode.c.objc; path = YHNavigationController.m; sourceTree = "<group>"; };
		EA13ACA21D647B190057D634 /* YHViewController.h */ = {isa = PBXFileReference; fileEncoding = 4; lastKnownFileType = sourcecode.c.h; path = YHViewController.h; sourceTree = "<group>"; };
		EA13ACA31D647B190057D634 /* YHViewController.m */ = {isa = PBXFileReference; fileEncoding = 4; lastKnownFileType = sourcecode.c.objc; path = YHViewController.m; sourceTree = "<group>"; };
		EA13ACA51D6482CE0057D634 /* bg.jpg */ = {isa = PBXFileReference; lastKnownFileType = image.jpeg; path = bg.jpg; sourceTree = "<group>"; };
		EA13ACD01D64AC5D0057D634 /* PrefixHeader.pch */ = {isa = PBXFileReference; lastKnownFileType = sourcecode.c.h; path = PrefixHeader.pch; sourceTree = "<group>"; };
		EA13ACD11D64BEA70057D634 /* YHSecondViewController.h */ = {isa = PBXFileReference; fileEncoding = 4; lastKnownFileType = sourcecode.c.h; path = YHSecondViewController.h; sourceTree = "<group>"; };
		EA13ACD21D64BEA70057D634 /* YHSecondViewController.m */ = {isa = PBXFileReference; fileEncoding = 4; lastKnownFileType = sourcecode.c.objc; path = YHSecondViewController.m; sourceTree = "<group>"; };
		EA13ACDC1D64C74B0057D634 /* UINavigationBar+YYH.h */ = {isa = PBXFileReference; fileEncoding = 4; lastKnownFileType = sourcecode.c.h; path = "UINavigationBar+YYH.h"; sourceTree = "<group>"; };
		EA13ACDD1D64C74B0057D634 /* UINavigationBar+YYH.m */ = {isa = PBXFileReference; fileEncoding = 4; lastKnownFileType = sourcecode.c.objc; path = "UINavigationBar+YYH.m"; sourceTree = "<group>"; };
/* End PBXFileReference section */

/* Begin PBXFrameworksBuildPhase section */
		EA13AC7E1D6479B90057D634 /* Frameworks */ = {
			isa = PBXFrameworksBuildPhase;
			buildActionMask = 2147483647;
			files = (
			);
			runOnlyForDeploymentPostprocessing = 0;
		};
/* End PBXFrameworksBuildPhase section */

/* Begin PBXGroup section */
		EA13AC781D6479B90057D634 = {
			isa = PBXGroup;
			children = (
				EA13AC831D6479B90057D634 /* UINavigationBarClearColor */,
				EA13AC821D6479B90057D634 /* Products */,
			);
			sourceTree = "<group>";
		};
		EA13AC821D6479B90057D634 /* Products */ = {
			isa = PBXGroup;
			children = (
				EA13AC811D6479B90057D634 /* UINavigationBarClearColor.app */,
			);
			name = Products;
			sourceTree = "<group>";
		};
		EA13AC831D6479B90057D634 /* UINavigationBarClearColor */ = {
			isa = PBXGroup;
			children = (
				EA13AC871D6479B90057D634 /* AppDelegate.h */,
				EA13AC881D6479B90057D634 /* AppDelegate.m */,
				EA13ACA11D647A270057D634 /* Main */,
				EA13ACD41D64BEC10057D634 /* One */,
				EA13ACD51D64BECF0057D634 /* Two */,
				EA13AC8D1D6479B90057D634 /* Main.storyboard */,
				EA13AC901D6479B90057D634 /* Assets.xcassets */,
				EA13AC921D6479B90057D634 /* LaunchScreen.storyboard */,
				EA13AC951D6479B90057D634 /* Info.plist */,
				EA13AC841D6479B90057D634 /* Supporting Files */,
				EA13ACD01D64AC5D0057D634 /* PrefixHeader.pch */,
			);
			path = UINavigationBarClearColor;
			sourceTree = "<group>";
		};
		EA13AC841D6479B90057D634 /* Supporting Files */ = {
			isa = PBXGroup;
			children = (
				EA13ACA51D6482CE0057D634 /* bg.jpg */,
				EA13AC851D6479B90057D634 /* main.m */,
			);
			name = "Supporting Files";
			sourceTree = "<group>";
		};
		EA13ACA11D647A270057D634 /* Main */ = {
			isa = PBXGroup;
			children = (
				EA13AC9B1D647A080057D634 /* YHTabBarController.h */,
				EA13AC9C1D647A080057D634 /* YHTabBarController.m */,
				EA13AC9E1D647A1F0057D634 /* YHNavigationController.h */,
				EA13AC9F1D647A1F0057D634 /* YHNavigationController.m */,
			);
			name = Main;
			sourceTree = "<group>";
		};
		EA13ACD41D64BEC10057D634 /* One */ = {
			isa = PBXGroup;
			children = (
				EA13ACA21D647B190057D634 /* YHViewController.h */,
				EA13ACA31D647B190057D634 /* YHViewController.m */,
			);
			name = One;
			sourceTree = "<group>";
		};
		EA13ACD51D64BECF0057D634 /* Two */ = {
			isa = PBXGroup;
			children = (
				EA13ACD11D64BEA70057D634 /* YHSecondViewController.h */,
				EA13ACD21D64BEA70057D634 /* YHSecondViewController.m */,
				EA13ACDC1D64C74B0057D634 /* UINavigationBar+YYH.h */,
				EA13ACDD1D64C74B0057D634 /* UINavigationBar+YYH.m */,
			);
			name = Two;
			sourceTree = "<group>";
		};
/* End PBXGroup section */

/* Begin PBXNativeTarget section */
		EA13AC801D6479B90057D634 /* UINavigationBarClearColor */ = {
			isa = PBXNativeTarget;
			buildConfigurationList = EA13AC981D6479B90057D634 /* Build configuration list for PBXNativeTarget "UINavigationBarClearColor" */;
			buildPhases = (
				EA13AC7D1D6479B90057D634 /* Sources */,
				EA13AC7E1D6479B90057D634 /* Frameworks */,
				EA13AC7F1D6479B90057D634 /* Resources */,
			);
			buildRules = (
			);
			dependencies = (
			);
			name = UINavigationBarClearColor;
			productName = UINavigationBarClearColor;
			productReference = EA13AC811D6479B90057D634 /* UINavigationBarClearColor.app */;
			productType = "com.apple.product-type.application";
		};
/* End PBXNativeTarget section */

/* Begin PBXProject section */
		EA13AC791D6479B90057D634 /* Project object */ = {
			isa = PBXProject;
			attributes = {
				CLASSPREFIX = YH;
				LastUpgradeCheck = 0730;
				ORGANIZATIONNAME = YYH;
				TargetAttributes = {
					EA13AC801D6479B90057D634 = {
						CreatedOnToolsVersion = 7.3.1;
						DevelopmentTeam = MFYB3TSU5S;
					};
				};
			};
			buildConfigurationList = EA13AC7C1D6479B90057D634 /* Build configuration list for PBXProject "UINavigationBarClearColor" */;
			compatibilityVersion = "Xcode 3.2";
			developmentRegion = English;
			hasScannedForEncodings = 0;
			knownRegions = (
				en,
				Base,
			);
			mainGroup = EA13AC781D6479B90057D634;
			productRefGroup = EA13AC821D6479B90057D634 /* Products */;
			projectDirPath = "";
			projectRoot = "";
			targets = (
				EA13AC801D6479B90057D634 /* UINavigationBarClearColor */,
			);
		};
/* End PBXProject section */

/* Begin PBXResourcesBuildPhase section */
		EA13AC7F1D6479B90057D634 /* Resources */ = {
			isa = PBXResourcesBuildPhase;
			buildActionMask = 2147483647;
			files = (
				EA13AC941D6479B90057D634 /* LaunchScreen.storyboard in Resources */,
				EA13AC911D6479B90057D634 /* Assets.xcassets in Resources */,
				EA13ACA61D6482CE0057D634 /* bg.jpg in Resources */,
				EA13AC8F1D6479B90057D634 /* Main.storyboard in Resources */,
			);
			runOnlyForDeploymentPostprocessing = 0;
		};
/* End PBXResourcesBuildPhase section */

/* Begin PBXSourcesBuildPhase section */
		EA13AC7D1D6479B90057D634 /* Sources */ = {
			isa = PBXSourcesBuildPhase;
			buildActionMask = 2147483647;
			files = (
				EA13ACDE1D64C74B0057D634 /* UINavigationBar+YYH.m in Sources */,
				EA13ACA01D647A1F0057D634 /* YHNavigationController.m in Sources */,
				EA13ACA41D647B190057D634 /* YHViewController.m in Sources */,
				EA13AC9D1D647A080057D634 /* YHTabBarController.m in Sources */,
				EA13ACD31D64BEA70057D634 /* YHSecondViewController.m in Sources */,
				EA13AC891D6479B90057D634 /* AppDelegate.m in Sources */,
				EA13AC861D6479B90057D634 /* main.m in Sources */,
			);
			runOnlyForDeploymentPostprocessing = 0;
		};
/* End PBXSourcesBuildPhase section */

/* Begin PBXVariantGroup section */
		EA13AC8D1D6479B90057D634 /* Main.storyboard */ = {
			isa = PBXVariantGroup;
			children = (
				EA13AC8E1D6479B90057D634 /* Base */,
			);
			name = Main.storyboard;
			sourceTree = "<group>";
		};
		EA13AC921D6479B90057D634 /* LaunchScreen.storyboard */ = {
			isa = PBXVariantGroup;
			children = (
				EA13AC931D6479B90057D634 /* Base */,
			);
			name = LaunchScreen.storyboard;
			sourceTree = "<group>";
		};
/* End PBXVariantGroup section */

/* Begin XCBuildConfiguration section */
		EA13AC961D6479B90057D634 /* Debug */ = {
			isa = XCBuildConfiguration;
			buildSettings = {
				ALWAYS_SEARCH_USER_PATHS = NO;
				CLANG_ANALYZER_NONNULL = YES;
				CLANG_CXX_LANGUAGE_STANDARD = "gnu++0x";
				CLANG_CXX_LIBRARY = "libc++";
				CLANG_ENABLE_MODULES = YES;
				CLANG_ENABLE_OBJC_ARC = YES;
				CLANG_WARN_BOOL_CONVERSION = YES;
				CLANG_WARN_CONSTANT_CONVERSION = YES;
				CLANG_WARN_DIRECT_OBJC_ISA_USAGE = YES_ERROR;
				CLANG_WARN_EMPTY_BODY = YES;
				CLANG_WARN_ENUM_CONVERSION = YES;
				CLANG_WARN_INT_CONVERSION = YES;
				CLANG_WARN_OBJC_ROOT_CLASS = YES_ERROR;
				CLANG_WARN_UNREACHABLE_CODE = YES;
				CLANG_WARN__DUPLICATE_METHOD_MATCH = YES;
				"CODE_SIGN_IDENTITY[sdk=iphoneos*]" = "iPhone Developer";
				COPY_PHASE_STRIP = NO;
				DEBUG_INFORMATION_FORMAT = dwarf;
				ENABLE_STRICT_OBJC_MSGSEND = YES;
				ENABLE_TESTABILITY = YES;
				GCC_C_LANGUAGE_STANDARD = gnu99;
				GCC_DYNAMIC_NO_PIC = NO;
				GCC_NO_COMMON_BLOCKS = YES;
				GCC_OPTIMIZATION_LEVEL = 0;
				GCC_PREPROCESSOR_DEFINITIONS = (
					"DEBUG=1",
					"$(inherited)",
				);
				GCC_WARN_64_TO_32_BIT_CONVERSION = YES;
				GCC_WARN_ABOUT_RETURN_TYPE = YES_ERROR;
				GCC_WARN_UNDECLARED_SELECTOR = YES;
				GCC_WARN_UNINITIALIZED_AUTOS = YES_AGGRESSIVE;
				GCC_WARN_UNUSED_FUNCTION = YES;
				GCC_WARN_UNUSED_VARIABLE = YES;
				IPHONEOS_DEPLOYMENT_TARGET = 9.3;
				MTL_ENABLE_DEBUG_INFO = YES;
				ONLY_ACTIVE_ARCH = YES;
				SDKROOT = iphoneos;
			};
			name = Debug;
		};
		EA13AC971D6479B90057D634 /* Release */ = {
			isa = XCBuildConfiguration;
			buildSettings = {
				ALWAYS_SEARCH_USER_PATHS = NO;
				CLANG_ANALYZER_NONNULL = YES;
				CLANG_CXX_LANGUAGE_STANDARD = "gnu++0x";
				CLANG_CXX_LIBRARY = "libc++";
				CLANG_ENABLE_MODULES = YES;
				CLANG_ENABLE_OBJC_ARC = YES;
				CLANG_WARN_BOOL_CONVERSION = YES;
				CLANG_WARN_CONSTANT_CONVERSION = YES;
				CLANG_WARN_DIRECT_OBJC_ISA_USAGE = YES_ERROR;
				CLANG_WARN_EMPTY_BODY = YES;
				CLANG_WARN_ENUM_CONVERSION = YES;
				CLANG_WARN_INT_CONVERSION = YES;
				CLANG_WARN_OBJC_ROOT_CLASS = YES_ERROR;
				CLANG_WARN_UNREACHABLE_CODE = YES;
				CLANG_WARN__DUPLICATE_METHOD_MATCH = YES;
				"CODE_SIGN_IDENTITY[sdk=iphoneos*]" = "iPhone Developer";
				COPY_PHASE_STRIP = NO;
				DEBUG_INFORMATION_FORMAT = "dwarf-with-dsym";
				ENABLE_NS_ASSERTIONS = NO;
				ENABLE_STRICT_OBJC_MSGSEND = YES;
				GCC_C_LANGUAGE_STANDARD = gnu99;
				GCC_NO_COMMON_BLOCKS = YES;
				GCC_WARN_64_TO_32_BIT_CONVERSION = YES;
				GCC_WARN_ABOUT_RETURN_TYPE = YES_ERROR;
				GCC_WARN_UNDECLARED_SELECTOR = YES;
				GCC_WARN_UNINITIALIZED_AUTOS = YES_AGGRESSIVE;
				GCC_WARN_UNUSED_FUNCTION = YES;
				GCC_WARN_UNUSED_VARIABLE = YES;
				IPHONEOS_DEPLOYMENT_TARGET = 9.3;
				MTL_ENABLE_DEBUG_INFO = NO;
				SDKROOT = iphoneos;
				VALIDATE_PRODUCT = YES;
			};
			name = Release;
		};
		EA13AC991D6479B90057D634 /* Debug */ = {
			isa = XCBuildConfiguration;
			buildSettings = {
				ASSETCATALOG_COMPILER_APPICON_NAME = AppIcon;
				GCC_PREFIX_HEADER = UINavigationBarClearColor/PrefixHeader.pch;
				INFOPLIST_FILE = UINavigationBarClearColor/Info.plist;
				IPHONEOS_DEPLOYMENT_TARGET = 8.0;
				LD_RUNPATH_SEARCH_PATHS = "$(inherited) @executable_path/Frameworks";
				PRODUCT_BUNDLE_IDENTIFIER = cn.yyh.UINavigationBarClearColor;
				PRODUCT_NAME = "$(TARGET_NAME)";
			};
			name = Debug;
		};
		EA13AC9A1D6479B90057D634 /* Release */ = {
			isa = XCBuildConfiguration;
			buildSettings = {
				ASSETCATALOG_COMPILER_APPICON_NAME = AppIcon;
				GCC_PREFIX_HEADER = UINavigationBarClearColor/PrefixHeader.pch;
				INFOPLIST_FILE = UINavigationBarClearColor/Info.plist;
				IPHONEOS_DEPLOYMENT_TARGET = 8.0;
				LD_RUNPATH_SEARCH_PATHS = "$(inherited) @executable_path/Frameworks";
				PRODUCT_BUNDLE_IDENTIFIER = cn.yyh.UINavigationBarClearColor;
				PRODUCT_NAME = "$(TARGET_NAME)";
			};
			name = Release;
		};
/* End XCBuildConfiguration section */

/* Begin XCConfigurationList section */
		EA13AC7C1D6479B90057D634 /* Build configuration list for PBXProject "UINavigationBarClearColor" */ = {
			isa = XCConfigurationList;
			buildConfigurations = (
				EA13AC961D6479B90057D634 /* Debug */,
				EA13AC971D6479B90057D634 /* Release */,
			);
			defaultConfigurationIsVisible = 0;
			defaultConfigurationName = Release;
		};
		EA13AC981D6479B90057D634 /* Build configuration list for PBXNativeTarget "UINavigationBarClearColor" */ = {
			isa = XCConfigurationList;
			buildConfigurations = (
				EA13AC991D6479B90057D634 /* Debug */,
				EA13AC9A1D6479B90057D634 /* Release */,
			);
			defaultConfigurationIsVisible = 0;
		};
/* End XCConfigurationList section */
	};
	rootObject = EA13AC791D6479B90057D634 /* Project object */;
}
